
Microsoft Visual Studio Solution File, Format Version 12.00
# Visual Studio Version 17
VisualStudioVersion = 17.7.34221.43
MinimumVisualStudioVersion = 10.0.40219.1
Project("{FAE04EC0-301F-11D3-BF4B-00C04F79EFBC}") = "PackingInventory2", "PackingInventory2.csproj", "{B5B54335-CFE1-4EE1-ABE0-30AB2A93C9FD}"
EndProject
Global
	GlobalSection(SolutionConfigurationPlatforms) = preSolution
		Debug|Any CPU = Debug|Any CPU
		Release|Any CPU = Release|Any CPU
	EndGlobalSection
	GlobalSection(ProjectConfigurationPlatforms) = postSolution
		{B5B54335-CFE1-4EE1-ABE0-30AB2A93C9FD}.Debug|Any CPU.ActiveCfg = Debug|Any CPU
		{B5B54335-CFE1-4EE1-ABE0-30AB2A93C9FD}.Debug|Any CPU.Build.0 = Debug|Any CPU
		{B5B54335-CFE1-4EE1-ABE0-30AB2A93C9FD}.Release|Any CPU.ActiveCfg = Release|Any CPU
		{B5B54335-CFE1-4EE1-ABE0-30AB2A93C9FD}.Release|Any CPU.Build.0 = Release|Any CPU
	EndGlobalSection
	GlobalSection(SolutionProperties) = preSolution
		HideSolutionNode = FALSE
	EndGlobalSection
	GlobalSection(ExtensibilityGlobals) = postSolution
		SolutionGuid = {7F498BE4-3047-4F8F-9BD0-858C527259A1}
	EndGlobalSection
EndGlobal
